// !$*UTF8*$!
{
	archiveVersion = 1;
	classes = {
	};
	objectVersion = 56;
	objects = {

/* Begin PBXBuildFile section */
		1D6619C5A2EC1B1F993F5845 /* Models.swift in Sources */ = {isa = PBXBuildFile; fileRef = 93F36F6FD2CD8BF1F982FECB /* Models.swift */; };
		2E8FC16780182E0C3293B16C /* SupabaseApi.swift in Sources */ = {isa = PBXBuildFile; fileRef = AFE03099CCCC5FA7A89D985E /* SupabaseApi.swift */; };
		7F414D88CB90D736B5E44AE5 /* Config.swift in Sources */ = {isa = PBXBuildFile; fileRef = 7D21020A988B0D74C584A014 /* Config.swift */; };
		D0024BCFEFB9B52F2037A6CF /* KBAAttendanceApp.swift in Sources */ = {isa = PBXBuildFile; fileRef = 6B7A982E27D7C68071EA293E /* KBAAttendanceApp.swift */; };
		70A8A906B5957B370DF2CEF0 /* GuideScreen.swift in Sources */ = {isa = PBXBuildFile; fileRef = 3E9AE9D45DED57E87C5EC3D1 /* GuideScreen.swift */; };
		1A79B2E265B18A64429CC5F0 /* HistoryScreen.swift in Sources */ = {isa = PBXBuildFile; fileRef = 9B9EA30AEDA4AE45048AD195 /* HistoryScreen.swift */; };
		13C4AE17F5FD634B31FC3C5E /* HomeScreen.swift in Sources */ = {isa = PBXBuildFile; fileRef = F1F66A9F371B8F37016EC4B4 /* HomeScreen.swift */; };
		BA10EA09663EEFD1E7D54597 /* LeaveScreen.swift in Sources */ = {isa = PBXBuildFile; fileRef = 53530851BCCC68A7FC22E53A /* LeaveScreen.swift */; };
		AD8365BB69365F0532CD4A99 /* LoginScreen.swift in Sources */ = {isa = PBXBuildFile; fileRef = AD7E64DE5CFE8B9506C57148 /* LoginScreen.swift */; };
		C5D3BDA572E4C68ECF79BA1E /* SessionStore.swift in Sources */ = {isa = PBXBuildFile; fileRef = 53E40A5C28F2F2B7CC67DC26 /* SessionStore.swift */; };
		BCDEA934D2501353B4C4CE9F /* Assets.xcassets in Resources */ = {isa = PBXBuildFile; fileRef = CFDBAC21689581B04CB7ABB5 /* Assets.xcassets */; };
/* End PBXBuildFile section */

/* Begin PBXFileReference section */
		032ED1B023D7DF77FCA7FF43 /* KBAAttendance.app */ = {isa = PBXFileReference; explicitFileType = wrapper.application; includeInIndex = 0; path = KBAAttendance.app; sourceTree = BUILT_PRODUCTS_DIR; };
		3FB6BD64A997C517BC11CC6E /* Info.plist */ = {isa = PBXFileReference; lastKnownFileType = text.plist.xml; path = Info.plist; sourceTree = "<group>"; };
		93F36F6FD2CD8BF1F982FECB /* Models.swift */ = {isa = PBXFileReference; lastKnownFileType = sourcecode.swift; path = Models.swift; sourceTree = "<group>"; };
		AFE03099CCCC5FA7A89D985E /* SupabaseApi.swift */ = {isa = PBXFileReference; lastKnownFileType = sourcecode.swift; path = SupabaseApi.swift; sourceTree = "<group>"; };
		7D21020A988B0D74C584A014 /* Config.swift */ = {isa = PBXFileReference; lastKnownFileType = sourcecode.swift; path = Config.swift; sourceTree = "<group>"; };
		6B7A982E27D7C68071EA293E /* KBAAttendanceApp.swift */ = {isa = PBXFileReference; lastKnownFileType = sourcecode.swift; path = KBAAttendanceApp.swift; sourceTree = "<group>"; };
		3E9AE9D45DED57E87C5EC3D1 /* GuideScreen.swift */ = {isa = PBXFileReference; lastKnownFileType = sourcecode.swift; path = GuideScreen.swift; sourceTree = "<group>"; };
		9B9EA30AEDA4AE45048AD195 /* HistoryScreen.swift */ = {isa = PBXFileReference; lastKnownFileType = sourcecode.swift; path = HistoryScreen.swift; sourceTree = "<group>"; };
		F1F66A9F371B8F37016EC4B4 /* HomeScreen.swift */ = {isa = PBXFileReference; lastKnownFileType = sourcecode.swift; path = HomeScreen.swift; sourceTree = "<group>"; };
		53530851BCCC68A7FC22E53A /* LeaveScreen.swift */ = {isa = PBXFileReference; lastKnownFileType = sourcecode.swift; path = LeaveScreen.swift; sourceTree = "<group>"; };
		AD7E64DE5CFE8B9506C57148 /* LoginScreen.swift */ = {isa = PBXFileReference; lastKnownFileType = sourcecode.swift; path = LoginScreen.swift; sourceTree = "<group>"; };
		53E40A5C28F2F2B7CC67DC26 /* SessionStore.swift */ = {isa = PBXFileReference; lastKnownFileType = sourcecode.swift; path = SessionStore.swift; sourceTree = "<group>"; };
		CFDBAC21689581B04CB7ABB5 /* Assets.xcassets */ = {isa = PBXFileReference; lastKnownFileType = folder.assetcatalog; path = Assets.xcassets; sourceTree = "<group>"; };
/* End PBXFileReference section */

/* Begin PBXFrameworksBuildPhase section */
		CF5BDB0BEAFE176F9629192A /* Frameworks */ = {
			isa = PBXFrameworksBuildPhase;
			buildActionMask = 2147483647;
			files = (
			);
			runOnlyForDeploymentPostprocessing = 0;
		};
/* End PBXFrameworksBuildPhase section */

/* Begin PBXGroup section */
		ADCF10F76EBF2A74473E9DC4 = {
			isa = PBXGroup;
			children = (
				C360AA4284837DE0A52CEBF1 /* KBAAttendance */,
				00C45FD35CB0F9C5F764F070 /* Products */,
			);
			sourceTree = "<group>";
		};
		00C45FD35CB0F9C5F764F070 /* Products */ = {
			isa = PBXGroup;
			children = (
				032ED1B023D7DF77FCA7FF43 /* KBAAttendance.app */,
			);
			name = Products;
			sourceTree = "<group>";
		};
		C360AA4284837DE0A52CEBF1 /* KBAAttendance */ = {
			isa = PBXGroup;
			children = (
				7D21020A988B0D74C584A014 /* Config.swift */,
				6B7A982E27D7C68071EA293E /* KBAAttendanceApp.swift */,
				53E40A5C28F2F2B7CC67DC26 /* SessionStore.swift */,
				90506DDD11CE663CE24A7A5F /* Api */,
				D61F0ED9BCD8264F492454E8 /* Screens */,
				CFDBAC21689581B04CB7ABB5 /* Assets.xcassets */,
				3FB6BD64A997C517BC11CC6E /* Info.plist */,
			);
			path = KBAAttendance;
			sourceTree = "<group>";
		};
		90506DDD11CE663CE24A7A5F /* Api */ = {
			isa = PBXGroup;
			children = (
				93F36F6FD2CD8BF1F982FECB /* Models.swift */,
				AFE03099CCCC5FA7A89D985E /* SupabaseApi.swift */,
			);
			path = Api;
			sourceTree = "<group>";
		};
		D61F0ED9BCD8264F492454E8 /* Screens */ = {
			isa = PBXGroup;
			children = (
				3E9AE9D45DED57E87C5EC3D1 /* GuideScreen.swift */,
				9B9EA30AEDA4AE45048AD195 /* HistoryScreen.swift */,
				F1F66A9F371B8F37016EC4B4 /* HomeScreen.swift */,
				53530851BCCC68A7FC22E53A /* LeaveScreen.swift */,
				AD7E64DE5CFE8B9506C57148 /* LoginScreen.swift */,
			);
			path = Screens;
			sourceTree = "<group>";
		};
/* End PBXGroup section */

/* Begin PBXNativeTarget section */
		CFFD53296CF7E828973E1624 /* KBAAttendance */ = {
			isa = PBXNativeTarget;
			buildConfigurationList = D28F8C5C78B9B6C20A9C4B6E /* Build configuration list for PBXNativeTarget "KBAAttendance" */;
			buildPhases = (
				1CDF2F71A52B082132B04DFF /* Sources */,
				CF5BDB0BEAFE176F9629192A /* Frameworks */,
				C02F1309AF4906C92F1EAD44 /* Resources */,
			);
			buildRules = (
			);
			dependencies = (
			);
			name = KBAAttendance;
			productName = KBAAttendance;
			productReference = 032ED1B023D7DF77FCA7FF43 /* KBAAttendance.app */;
			productType = "com.apple.product-type.application";
		};
/* End PBXNativeTarget section */

/* Begin PBXProject section */
		98F54143AB4E86B28C3AFEE0 /* Project object */ = {
			isa = PBXProject;
			attributes = {
				BuildIndependentTargetsInParallel = YES;
				LastSwiftUpdateCheck = 1420;
				LastUpgradeCheck = 1420;
				TargetAttributes = {
					CFFD53296CF7E828973E1624 = {
						CreatedOnToolsVersion = 14.2;
					};
				};
			};
			buildConfigurationList = 93A93C28DD71F1C9C4F07A29 /* Build configuration list for PBXProject "KBAAttendance" */;
			compatibilityVersion = "Xcode 14.0";
			developmentRegion = vi;
			hasScannedForEncodings = 0;
			knownRegions = (
				vi,
				en,
				Base,
			);
			mainGroup = ADCF10F76EBF2A74473E9DC4;
			productRefGroup = 00C45FD35CB0F9C5F764F070 /* Products */;
			projectDirPath = "";
			projectRoot = "";
			targets = (
				CFFD53296CF7E828973E1624 /* KBAAttendance */,
			);
		};
/* End PBXProject section */

/* Begin PBXResourcesBuildPhase section */
		C02F1309AF4906C92F1EAD44 /* Resources */ = {
			isa = PBXResourcesBuildPhase;
			buildActionMask = 2147483647;
			files = (
				BCDEA934D2501353B4C4CE9F /* Assets.xcassets in Resources */,
			);
			runOnlyForDeploymentPostprocessing = 0;
		};
/* End PBXResourcesBuildPhase section */

/* Begin PBXSourcesBuildPhase section */
		1CDF2F71A52B082132B04DFF /* Sources */ = {
			isa = PBXSourcesBuildPhase;
			buildActionMask = 2147483647;
			files = (
				1D6619C5A2EC1B1F993F5845 /* Models.swift in Sources */,
				2E8FC16780182E0C3293B16C /* SupabaseApi.swift in Sources */,
				7F414D88CB90D736B5E44AE5 /* Config.swift in Sources */,
				D0024BCFEFB9B52F2037A6CF /* KBAAttendanceApp.swift in Sources */,
				70A8A906B5957B370DF2CEF0 /* GuideScreen.swift in Sources */,
				1A79B2E265B18A64429CC5F0 /* HistoryScreen.swift in Sources */,
				13C4AE17F5FD634B31FC3C5E /* HomeScreen.swift in Sources */,
				BA10EA09663EEFD1E7D54597 /* LeaveScreen.swift in Sources */,
				AD8365BB69365F0532CD4A99 /* LoginScreen.swift in Sources */,
				C5D3BDA572E4C68ECF79BA1E /* SessionStore.swift in Sources */,
			);
			runOnlyForDeploymentPostprocessing = 0;
		};
/* End PBXSourcesBuildPhase section */

/* Begin XCBuildConfiguration section */
		62C0502E9DD2F4A0E153A290 /* Debug */ = {
			isa = XCBuildConfiguration;
			buildSettings = {
				ALWAYS_SEARCH_USER_PATHS = NO;
				CLANG_ANALYZER_NONNULL = YES;
				CLANG_ANALYZER_NUMBER_OBJECT_CONVERSION = YES_AGGRESSIVE;
				CLANG_CXX_LANGUAGE_STANDARD = "gnu++20";
				CLANG_ENABLE_MODULES = YES;
				CLANG_ENABLE_OBJC_ARC = YES;
				CLANG_ENABLE_OBJC_WEAK = YES;
				CLANG_WARN_BLOCK_CAPTURE_AUTORELEASING = YES;
				CLANG_WARN_BOOL_CONVERSION = YES;
				CLANG_WARN_COMMA = YES;
				CLANG_WARN_CONSTANT_CONVERSION = YES;
				CLANG_WARN_DEPRECATED_OBJC_IMPLEMENTATIONS = YES;
				CLANG_WARN_DIRECT_OBJC_ISA_USAGE = YES_ERROR;
				CLANG_WARN_DOCUMENTATION_COMMENTS = YES;
				CLANG_WARN_EMPTY_BODY = YES;
				CLANG_WARN_ENUM_CONVERSION = YES;
				CLANG_WARN_INFINITE_RECURSION = YES;
				CLANG_WARN_INT_CONVERSION = YES;
				CLANG_WARN_NON_LITERAL_NULL_CONVERSION = YES;
				CLANG_WARN_OBJC_IMPLICIT_RETAIN_SELF = YES;
				CLANG_WARN_OBJC_LITERAL_CONVERSION = YES;
				CLANG_WARN_OBJC_ROOT_CLASS = YES_ERROR;
				CLANG_WARN_QUOTED_INCLUDE_IN_FRAMEWORK_HEADER = YES;
				CLANG_WARN_RANGE_LOOP_ANALYSIS = YES;
				CLANG_WARN_STRICT_PROTOTYPES = YES;
				CLANG_WARN_SUSPICIOUS_MOVE = YES;
				CLANG_WARN_UNGUARDED_AVAILABILITY = YES_AGGRESSIVE;
				CLANG_WARN_UNREACHABLE_CODE = YES;
				CLANG_WARN__DUPLICATE_METHOD_MATCH = YES;
				COPY_PHASE_STRIP = NO;
				DEBUG_INFORMATION_FORMAT = dwarf;
				ENABLE_STRICT_OBJC_MSGSEND = YES;
				GCC_C_LANGUAGE_STANDARD = gnu11;
				GCC_NO_COMMON_BLOCKS = YES;
				GCC_WARN_64_TO_32_BIT_CONVERSION = YES;
				GCC_WARN_ABOUT_RETURN_TYPE = YES_ERROR;
				GCC_WARN_UNDECLARED_SELECTOR = YES;
				GCC_WARN_UNINITIALIZED_AUTOS = YES_AGGRESSIVE;
				GCC_WARN_UNUSED_FUNCTION = YES;
				GCC_WARN_UNUSED_VARIABLE = YES;
				IPHONEOS_DEPLOYMENT_TARGET = 15.0;
				MTL_FAST_MATH = YES;
				SDKROOT = iphoneos;
				SWIFT_VERSION = 5.7;
				ENABLE_TESTABILITY = YES;
				GCC_DYNAMIC_NO_PIC = NO;
				GCC_OPTIMIZATION_LEVEL = 0;
				GCC_PREPROCESSOR_DEFINITIONS = (
					"DEBUG=1",
					"$(inherited)",
				);
				MTL_ENABLE_DEBUG_INFO = INCLUDE_SOURCE;
				ONLY_ACTIVE_ARCH = YES;
				SWIFT_ACTIVE_COMPILATION_CONDITIONS = DEBUG;
				SWIFT_OPTIMIZATION_LEVEL = "-Onone";
			};
			name = Debug;
		};
		A1076DB52F6D567F23A74575 /* Release */ = {
			isa = XCBuildConfiguration;
			buildSettings = {
				ALWAYS_SEARCH_USER_PATHS = NO;
				CLANG_ANALYZER_NONNULL = YES;
				CLANG_ANALYZER_NUMBER_OBJECT_CONVERSION = YES_AGGRESSIVE;
				CLANG_CXX_LANGUAGE_STANDARD = "gnu++20";
				CLANG_ENABLE_MODULES = YES;
				CLANG_ENABLE_OBJC_ARC = YES;
				CLANG_ENABLE_OBJC_WEAK = YES;
				CLANG_WARN_BLOCK_CAPTURE_AUTORELEASING = YES;
				CLANG_WARN_BOOL_CONVERSION = YES;
				CLANG_WARN_COMMA = YES;
				CLANG_WARN_CONSTANT_CONVERSION = YES;
				CLANG_WARN_DEPRECATED_OBJC_IMPLEMENTATIONS = YES;
				CLANG_WARN_DIRECT_OBJC_ISA_USAGE = YES_ERROR;
				CLANG_WARN_DOCUMENTATION_COMMENTS = YES;
				CLANG_WARN_EMPTY_BODY = YES;
				CLANG_WARN_ENUM_CONVERSION = YES;
				CLANG_WARN_INFINITE_RECURSION = YES;
				CLANG_WARN_INT_CONVERSION = YES;
				CLANG_WARN_NON_LITERAL_NULL_CONVERSION = YES;
				CLANG_WARN_OBJC_IMPLICIT_RETAIN_SELF = YES;
				CLANG_WARN_OBJC_LITERAL_CONVERSION = YES;
				CLANG_WARN_OBJC_ROOT_CLASS = YES_ERROR;
				CLANG_WARN_QUOTED_INCLUDE_IN_FRAMEWORK_HEADER = YES;
				CLANG_WARN_RANGE_LOOP_ANALYSIS = YES;
				CLANG_WARN_STRICT_PROTOTYPES = YES;
				CLANG_WARN_SUSPICIOUS_MOVE = YES;
				CLANG_WARN_UNGUARDED_AVAILABILITY = YES_AGGRESSIVE;
				CLANG_WARN_UNREACHABLE_CODE = YES;
				CLANG_WARN__DUPLICATE_METHOD_MATCH = YES;
				COPY_PHASE_STRIP = NO;
				DEBUG_INFORMATION_FORMAT = dwarf;
				ENABLE_STRICT_OBJC_MSGSEND = YES;
				GCC_C_LANGUAGE_STANDARD = gnu11;
				GCC_NO_COMMON_BLOCKS = YES;
				GCC_WARN_64_TO_32_BIT_CONVERSION = YES;
				GCC_WARN_ABOUT_RETURN_TYPE = YES_ERROR;
				GCC_WARN_UNDECLARED_SELECTOR = YES;
				GCC_WARN_UNINITIALIZED_AUTOS = YES_AGGRESSIVE;
				GCC_WARN_UNUSED_FUNCTION = YES;
				GCC_WARN_UNUSED_VARIABLE = YES;
				IPHONEOS_DEPLOYMENT_TARGET = 15.0;
				MTL_FAST_MATH = YES;
				SDKROOT = iphoneos;
				SWIFT_VERSION = 5.7;
				DEBUG_INFORMATION_FORMAT = "dwarf-with-dsym";
				ENABLE_NS_ASSERTIONS = NO;
				MTL_ENABLE_DEBUG_INFO = NO;
				SWIFT_COMPILATION_MODE = wholemodule;
				SWIFT_OPTIMIZATION_LEVEL = "-O";
				VALIDATE_PRODUCT = YES;
			};
			name = Release;
		};
		33F0C6CCEF74F8BF16BB4617 /* Debug */ = {
			isa = XCBuildConfiguration;
			buildSettings = {
				ASSETCATALOG_COMPILER_APPICON_NAME = AppIcon;
				ASSETCATALOG_COMPILER_GLOBAL_ACCENT_COLOR_NAME = AccentColor;
				CODE_SIGN_STYLE = Automatic;
				CURRENT_PROJECT_VERSION = 1;
				DEVELOPMENT_TEAM = "";
				ENABLE_PREVIEWS = YES;
				GENERATE_INFOPLIST_FILE = NO;
				INFOPLIST_FILE = KBAAttendance/Info.plist;
				INFOPLIST_KEY_UIApplicationSceneManifest_Generation = NO;
				INFOPLIST_KEY_UIApplicationSupportsIndirectInputEvents = YES;
				LD_RUNPATH_SEARCH_PATHS = (
					"$(inherited)",
					"@executable_path/Frameworks",
				);
				MARKETING_VERSION = 1.0;
				PRODUCT_BUNDLE_IDENTIFIER = vn.kba2018.attendance;
				PRODUCT_NAME = "$(TARGET_NAME)";
				SUPPORTS_MACCATALYST = NO;
				SWIFT_EMIT_LOC_STRINGS = YES;
				TARGETED_DEVICE_FAMILY = 1;
			};
			name = Debug;
		};
		A7FBA4F38FC1C6EE9D9D943B /* Release */ = {
			isa = XCBuildConfiguration;
			buildSettings = {
				ASSETCATALOG_COMPILER_APPICON_NAME = AppIcon;
				ASSETCATALOG_COMPILER_GLOBAL_ACCENT_COLOR_NAME = AccentColor;
				CODE_SIGN_STYLE = Automatic;
				CURRENT_PROJECT_VERSION = 1;
				DEVELOPMENT_TEAM = "";
				ENABLE_PREVIEWS = YES;
				GENERATE_INFOPLIST_FILE = NO;
				INFOPLIST_FILE = KBAAttendance/Info.plist;
				INFOPLIST_KEY_UIApplicationSceneManifest_Generation = NO;
				INFOPLIST_KEY_UIApplicationSupportsIndirectInputEvents = YES;
				LD_RUNPATH_SEARCH_PATHS = (
					"$(inherited)",
					"@executable_path/Frameworks",
				);
				MARKETING_VERSION = 1.0;
				PRODUCT_BUNDLE_IDENTIFIER = vn.kba2018.attendance;
				PRODUCT_NAME = "$(TARGET_NAME)";
				SUPPORTS_MACCATALYST = NO;
				SWIFT_EMIT_LOC_STRINGS = YES;
				TARGETED_DEVICE_FAMILY = 1;
			};
			name = Release;
		};
/* End XCBuildConfiguration section */

/* Begin XCConfigurationList section */
		93A93C28DD71F1C9C4F07A29 /* Build configuration list for PBXProject "KBAAttendance" */ = {
			isa = XCConfigurationList;
			buildConfigurations = (
				62C0502E9DD2F4A0E153A290 /* Debug */,
				A1076DB52F6D567F23A74575 /* Release */,
			);
			defaultConfigurationIsVisible = 0;
			defaultConfigurationName = Release;
		};
		D28F8C5C78B9B6C20A9C4B6E /* Build configuration list for PBXNativeTarget "KBAAttendance" */ = {
			isa = XCConfigurationList;
			buildConfigurations = (
				33F0C6CCEF74F8BF16BB4617 /* Debug */,
				A7FBA4F38FC1C6EE9D9D943B /* Release */,
			);
			defaultConfigurationIsVisible = 0;
			defaultConfigurationName = Release;
		};
/* End XCConfigurationList section */

	};
	rootObject = 98F54143AB4E86B28C3AFEE0 /* Project object */;
}